{
  "lockfileVersion": "1",
  "dependencies": {
    "github.com/pstaszko/AHK-Notification": "branch:master",
    "github.com/pstaszko/AHK_StringManipulation": "branch:main",
    "github.com/pstaszko/AHK_Vanilla_FileSystem": "branch:main"
  },
  "resolved": [
    {
      "name": "github.com/pstaszko/AHK-Notification",
      "version": "branch:master",
      "sha": "81e2dac71e3ff64365388e5bd58d33985a74ef3a",
      "installPath": "ahkpm-modules/github.com/pstaszko/AHK-Notification",
      "dependencies": {}
    },
    {
      "name": "github.com/pstaszko/AHK_StringManipulation",
      "version": "branch:main",
      "sha": "6c2bd1971ffb92b8656130256e1ead5fa460b646",
      "installPath": "ahkpm-modules/github.com/pstaszko/AHK_StringManipulation",
      "dependencies": {}
    },
    {
      "name": "github.com/pstaszko/AHK_Vanilla_FileSystem",
      "version": "branch:main",
      "sha": "d06f2c97d7db45334ba6fb4f78b174cd2da2c209",
      "installPath": "ahkpm-modules/github.com/pstaszko/AHK_Vanilla_FileSystem",
      "dependencies": {}
    }
  ]
}